
Microsoft Visual Studio Solution File, Format Version 12.00
# Visual Studio Version 17
VisualStudioVersion = 17.5.002.0
MinimumVisualStudioVersion = 10.0.40219.1
Project("{9A19103F-16F7-4668-BE54-9A1E7A4F7556}") = "fn-http-queue-s", "fn-http-queue-s.csproj", "{B8BD847A-E95B-4DB6-8536-718569B06F37}"
EndProject
Global
	GlobalSection(SolutionConfigurationPlatforms) = preSolution
		Debug|Any CPU = Debug|Any CPU
		Release|Any CPU = Release|Any CPU
	EndGlobalSection
	GlobalSection(ProjectConfigurationPlatforms) = postSolution
		{B8BD847A-E95B-4DB6-8536-718569B06F37}.Debug|Any CPU.ActiveCfg = Debug|Any CPU
		{B8BD847A-E95B-4DB6-8536-718569B06F37}.Debug|Any CPU.Build.0 = Debug|Any CPU
		{B8BD847A-E95B-4DB6-8536-718569B06F37}.Release|Any CPU.ActiveCfg = Release|Any CPU
		{B8BD847A-E95B-4DB6-8536-718569B06F37}.Release|Any CPU.Build.0 = Release|Any CPU
	EndGlobalSection
	GlobalSection(SolutionProperties) = preSolution
		HideSolutionNode = FALSE
	EndGlobalSection
	GlobalSection(ExtensibilityGlobals) = postSolution
		SolutionGuid = {3F52A2D6-34F8-4C77-9BAF-5DA80790CAF6}
	EndGlobalSection
EndGlobal
